
Microsoft Visual Studio Solution File, Format Version 12.00
# Visual Studio Version 17
VisualStudioVersion = 17.3.32929.385
MinimumVisualStudioVersion = 10.0.40219.1
Project("{FAE04EC0-301F-11D3-BF4B-00C04F79EFBC}") = "pythonService", "pythonService\pythonService.csproj", "{22DA7FAA-2A86-4753-A632-2B5CF6AD00AF}"
EndProject
Global
	GlobalSection(SolutionConfigurationPlatforms) = preSolution
		Debug|Any CPU = Debug|Any CPU
		Release|Any CPU = Release|Any CPU
	EndGlobalSection
	GlobalSection(ProjectConfigurationPlatforms) = postSolution
		{22DA7FAA-2A86-4753-A632-2B5CF6AD00AF}.Debug|Any CPU.ActiveCfg = Debug|Any CPU
		{22DA7FAA-2A86-4753-A632-2B5CF6AD00AF}.Debug|Any CPU.Build.0 = Debug|Any CPU
		{22DA7FAA-2A86-4753-A632-2B5CF6AD00AF}.Release|Any CPU.ActiveCfg = Release|Any CPU
		{22DA7FAA-2A86-4753-A632-2B5CF6AD00AF}.Release|Any CPU.Build.0 = Release|Any CPU
	EndGlobalSection
	GlobalSection(SolutionProperties) = preSolution
		HideSolutionNode = FALSE
	EndGlobalSection
	GlobalSection(ExtensibilityGlobals) = postSolution
		SolutionGuid = {737E6D26-F148-4ADF-8FE4-B8700314737B}
	EndGlobalSection
EndGlobal
